
Microsoft Visual Studio Solution File, Format Version 12.00
# Visual Studio Version 16
VisualStudioVersion = 16.0.30011.22
MinimumVisualStudioVersion = 10.0.40219.1
Project("{2150E333-8FDC-42A3-9474-1A3956D46DE8}") = "src", "src", "{5DF4C2E7-56BB-4EFD-BBA1-2E4FB7284A63}"
EndProject
Project("{2150E333-8FDC-42A3-9474-1A3956D46DE8}") = "Data", "Data", "{CCA4681D-E5EB-488C-AD38-CC7CE437D471}"
EndProject
Project("{2150E333-8FDC-42A3-9474-1A3956D46DE8}") = "Solution Items", "Solution Items", "{C4979A62-554D-4CE4-99BE-DC525134754B}"
	ProjectSection(SolutionItems) = preProject
		.editorconfig = .editorconfig
		.gitattributes = .gitattributes
		.gitignore = .gitignore
		CodeMaid.config = CodeMaid.config
		Directory.Build.props = Directory.Build.props
	EndProjectSection
EndProject
Project("{2150E333-8FDC-42A3-9474-1A3956D46DE8}") = "pipelines", "pipelines", "{E502F3BA-2F12-4DD6-B48C-0840C3DD4829}"
	ProjectSection(SolutionItems) = preProject
		pipelines\azure-pipelines.yml = pipelines\azure-pipelines.yml
		pipelines\azuredeploy.json = pipelines\azuredeploy.json
		pipelines\azuredeploy.parameters.json = pipelines\azuredeploy.parameters.json
		pipelines\Deploy-AzureResourceGroup.ps1 = pipelines\Deploy-AzureResourceGroup.ps1
	EndProjectSection
EndProject
Project("{2150E333-8FDC-42A3-9474-1A3956D46DE8}") = "Apps", "Apps", "{CAF58F84-2057-44BB-AAA0-D1919125A96C}"
EndProject
Project("{FAE04EC0-301F-11D3-BF4B-00C04F79EFBC}") = "WindowsApp", "src\apps\WindowsApp\WindowsApp.csproj", "{B32D1952-CDE0-4974-A35D-BB61C45F26A9}"
EndProject
Project("{9A19103F-16F7-4668-BE54-9A1E7A4F7556}") = "Data.LocalDb", "src\data\Data.LocalDb\Data.LocalDb.csproj", "{F8551756-E757-457D-BA11-9D09082430DA}"
EndProject
Project("{2150E333-8FDC-42A3-9474-1A3956D46DE8}") = "Web", "Web", "{C40EE4DE-8994-43EC-9C38-EA86579552D1}"
EndProject
Project("{9A19103F-16F7-4668-BE54-9A1E7A4F7556}") = "Data.StaticApiGenerator", "src\data\Data.StaticApiGenerator\Data.StaticApiGenerator.csproj", "{FCC27DEF-03EF-4A95-92E3-AF0830AF994F}"
EndProject
Project("{9A19103F-16F7-4668-BE54-9A1E7A4F7556}") = "Data.StaticApiGenerator.Unittests", "src\data\Data.StaticApiGenerator.Unittests\Data.StaticApiGenerator.Unittests.csproj", "{6C7C8D61-A87F-4A8B-BFF8-E73E3E376302}"
EndProject
Project("{9A19103F-16F7-4668-BE54-9A1E7A4F7556}") = "Data.ClientDatabase", "src\data\Data.ClientDatabase\Data.ClientDatabase.csproj", "{AC263E16-2ACF-4377-A6A6-9D34F6240FA3}"
EndProject
Project("{9A19103F-16F7-4668-BE54-9A1E7A4F7556}") = "Data.ClientDatabase.Tests", "src\data\Data.ClientDatabase.Tests\Data.ClientDatabase.Tests.csproj", "{CF81B140-7925-432B-80F0-DA8C7EDD06A6}"
EndProject
Project("{9A19103F-16F7-4668-BE54-9A1E7A4F7556}") = "Data.SQLScripts", "src\data\Data.SQLScripts\Data.SQLScripts.csproj", "{9CA84A58-FD3C-4ED5-8438-3F41F9AE3214}"
EndProject
Project("{9A19103F-16F7-4668-BE54-9A1E7A4F7556}") = "Data.SQLScripts.Unittests", "src\data\Data.SQLScripts.Unittests\Data.SQLScripts.Unittests.csproj", "{A59FBC62-5D85-4143-A223-423BFB117507}"
EndProject
Project("{9A19103F-16F7-4668-BE54-9A1E7A4F7556}") = "Data.IntegrationTests", "src\data\Data.IntegrationTests\Data.IntegrationTests.csproj", "{7671CE48-1C0F-4E9E-A32D-77CD8F7DE849}"
EndProject
Project("{9A19103F-16F7-4668-BE54-9A1E7A4F7556}") = "Top2000.Specs", "src\Top2000.Specs\Top2000.Specs.csproj", "{0BFDC4F5-7A51-4F45-8C4E-08971863F6C9}"
EndProject
Global
	GlobalSection(SolutionConfigurationPlatforms) = preSolution
		Debug|Any CPU = Debug|Any CPU
		Debug|ARM = Debug|ARM
		Debug|ARM64 = Debug|ARM64
		Debug|x64 = Debug|x64
		Debug|x86 = Debug|x86
		Release|Any CPU = Release|Any CPU
		Release|ARM = Release|ARM
		Release|ARM64 = Release|ARM64
		Release|x64 = Release|x64
		Release|x86 = Release|x86
	EndGlobalSection
	GlobalSection(ProjectConfigurationPlatforms) = postSolution
		{B32D1952-CDE0-4974-A35D-BB61C45F26A9}.Debug|Any CPU.ActiveCfg = Debug|x86
		{B32D1952-CDE0-4974-A35D-BB61C45F26A9}.Debug|Any CPU.Build.0 = Debug|x86
		{B32D1952-CDE0-4974-A35D-BB61C45F26A9}.Debug|Any CPU.Deploy.0 = Debug|x86
		{B32D1952-CDE0-4974-A35D-BB61C45F26A9}.Debug|ARM.ActiveCfg = Debug|ARM
		{B32D1952-CDE0-4974-A35D-BB61C45F26A9}.Debug|ARM.Build.0 = Debug|ARM
		{B32D1952-CDE0-4974-A35D-BB61C45F26A9}.Debug|ARM.Deploy.0 = Debug|ARM
		{B32D1952-CDE0-4974-A35D-BB61C45F26A9}.Debug|ARM64.ActiveCfg = Debug|ARM64
		{B32D1952-CDE0-4974-A35D-BB61C45F26A9}.Debug|ARM64.Build.0 = Debug|ARM64
		{B32D1952-CDE0-4974-A35D-BB61C45F26A9}.Debug|ARM64.Deploy.0 = Debug|ARM64
		{B32D1952-CDE0-4974-A35D-BB61C45F26A9}.Debug|x64.ActiveCfg = Debug|x64
		{B32D1952-CDE0-4974-A35D-BB61C45F26A9}.Debug|x64.Build.0 = Debug|x64
		{B32D1952-CDE0-4974-A35D-BB61C45F26A9}.Debug|x64.Deploy.0 = Debug|x64
		{B32D1952-CDE0-4974-A35D-BB61C45F26A9}.Debug|x86.ActiveCfg = Debug|x86
		{B32D1952-CDE0-4974-A35D-BB61C45F26A9}.Debug|x86.Build.0 = Debug|x86
		{B32D1952-CDE0-4974-A35D-BB61C45F26A9}.Debug|x86.Deploy.0 = Debug|x86
		{B32D1952-CDE0-4974-A35D-BB61C45F26A9}.Release|Any CPU.ActiveCfg = Release|x86
		{B32D1952-CDE0-4974-A35D-BB61C45F26A9}.Release|ARM.ActiveCfg = Release|ARM
		{B32D1952-CDE0-4974-A35D-BB61C45F26A9}.Release|ARM.Build.0 = Release|ARM
		{B32D1952-CDE0-4974-A35D-BB61C45F26A9}.Release|ARM.Deploy.0 = Release|ARM
		{B32D1952-CDE0-4974-A35D-BB61C45F26A9}.Release|ARM64.ActiveCfg = Release|ARM64
		{B32D1952-CDE0-4974-A35D-BB61C45F26A9}.Release|ARM64.Build.0 = Release|ARM64
		{B32D1952-CDE0-4974-A35D-BB61C45F26A9}.Release|ARM64.Deploy.0 = Release|ARM64
		{B32D1952-CDE0-4974-A35D-BB61C45F26A9}.Release|x64.ActiveCfg = Release|x64
		{B32D1952-CDE0-4974-A35D-BB61C45F26A9}.Release|x64.Build.0 = Release|x64
		{B32D1952-CDE0-4974-A35D-BB61C45F26A9}.Release|x64.Deploy.0 = Release|x64
		{B32D1952-CDE0-4974-A35D-BB61C45F26A9}.Release|x86.ActiveCfg = Release|x86
		{B32D1952-CDE0-4974-A35D-BB61C45F26A9}.Release|x86.Build.0 = Release|x86
		{B32D1952-CDE0-4974-A35D-BB61C45F26A9}.Release|x86.Deploy.0 = Release|x86
		{F8551756-E757-457D-BA11-9D09082430DA}.Debug|Any CPU.ActiveCfg = Debug|Any CPU
		{F8551756-E757-457D-BA11-9D09082430DA}.Debug|Any CPU.Build.0 = Debug|Any CPU
		{F8551756-E757-457D-BA11-9D09082430DA}.Debug|ARM.ActiveCfg = Debug|Any CPU
		{F8551756-E757-457D-BA11-9D09082430DA}.Debug|ARM.Build.0 = Debug|Any CPU
		{F8551756-E757-457D-BA11-9D09082430DA}.Debug|ARM64.ActiveCfg = Debug|Any CPU
		{F8551756-E757-457D-BA11-9D09082430DA}.Debug|ARM64.Build.0 = Debug|Any CPU
		{F8551756-E757-457D-BA11-9D09082430DA}.Debug|x64.ActiveCfg = Debug|Any CPU
		{F8551756-E757-457D-BA11-9D09082430DA}.Debug|x64.Build.0 = Debug|Any CPU
		{F8551756-E757-457D-BA11-9D09082430DA}.Debug|x86.ActiveCfg = Debug|Any CPU
		{F8551756-E757-457D-BA11-9D09082430DA}.Debug|x86.Build.0 = Debug|Any CPU
		{F8551756-E757-457D-BA11-9D09082430DA}.Release|Any CPU.ActiveCfg = Release|Any CPU
		{F8551756-E757-457D-BA11-9D09082430DA}.Release|Any CPU.Build.0 = Release|Any CPU
		{F8551756-E757-457D-BA11-9D09082430DA}.Release|ARM.ActiveCfg = Release|Any CPU
		{F8551756-E757-457D-BA11-9D09082430DA}.Release|ARM.Build.0 = Release|Any CPU
		{F8551756-E757-457D-BA11-9D09082430DA}.Release|ARM64.ActiveCfg = Release|Any CPU
		{F8551756-E757-457D-BA11-9D09082430DA}.Release|ARM64.Build.0 = Release|Any CPU
		{F8551756-E757-457D-BA11-9D09082430DA}.Release|x64.ActiveCfg = Release|Any CPU
		{F8551756-E757-457D-BA11-9D09082430DA}.Release|x64.Build.0 = Release|Any CPU
		{F8551756-E757-457D-BA11-9D09082430DA}.Release|x86.ActiveCfg = Release|Any CPU
		{F8551756-E757-457D-BA11-9D09082430DA}.Release|x86.Build.0 = Release|Any CPU
		{FCC27DEF-03EF-4A95-92E3-AF0830AF994F}.Debug|Any CPU.ActiveCfg = Debug|Any CPU
		{FCC27DEF-03EF-4A95-92E3-AF0830AF994F}.Debug|Any CPU.Build.0 = Debug|Any CPU
		{FCC27DEF-03EF-4A95-92E3-AF0830AF994F}.Debug|ARM.ActiveCfg = Debug|Any CPU
		{FCC27DEF-03EF-4A95-92E3-AF0830AF994F}.Debug|ARM.Build.0 = Debug|Any CPU
		{FCC27DEF-03EF-4A95-92E3-AF0830AF994F}.Debug|ARM64.ActiveCfg = Debug|Any CPU
		{FCC27DEF-03EF-4A95-92E3-AF0830AF994F}.Debug|ARM64.Build.0 = Debug|Any CPU
		{FCC27DEF-03EF-4A95-92E3-AF0830AF994F}.Debug|x64.ActiveCfg = Debug|Any CPU
		{FCC27DEF-03EF-4A95-92E3-AF0830AF994F}.Debug|x64.Build.0 = Debug|Any CPU
		{FCC27DEF-03EF-4A95-92E3-AF0830AF994F}.Debug|x86.ActiveCfg = Debug|Any CPU
		{FCC27DEF-03EF-4A95-92E3-AF0830AF994F}.Debug|x86.Build.0 = Debug|Any CPU
		{FCC27DEF-03EF-4A95-92E3-AF0830AF994F}.Release|Any CPU.ActiveCfg = Release|Any CPU
		{FCC27DEF-03EF-4A95-92E3-AF0830AF994F}.Release|Any CPU.Build.0 = Release|Any CPU
		{FCC27DEF-03EF-4A95-92E3-AF0830AF994F}.Release|ARM.ActiveCfg = Release|Any CPU
		{FCC27DEF-03EF-4A95-92E3-AF0830AF994F}.Release|ARM.Build.0 = Release|Any CPU
		{FCC27DEF-03EF-4A95-92E3-AF0830AF994F}.Release|ARM64.ActiveCfg = Release|Any CPU
		{FCC27DEF-03EF-4A95-92E3-AF0830AF994F}.Release|ARM64.Build.0 = Release|Any CPU
		{FCC27DEF-03EF-4A95-92E3-AF0830AF994F}.Release|x64.ActiveCfg = Release|Any CPU
		{FCC27DEF-03EF-4A95-92E3-AF0830AF994F}.Release|x64.Build.0 = Release|Any CPU
		{FCC27DEF-03EF-4A95-92E3-AF0830AF994F}.Release|x86.ActiveCfg = Release|Any CPU
		{FCC27DEF-03EF-4A95-92E3-AF0830AF994F}.Release|x86.Build.0 = Release|Any CPU
		{6C7C8D61-A87F-4A8B-BFF8-E73E3E376302}.Debug|Any CPU.ActiveCfg = Debug|Any CPU
		{6C7C8D61-A87F-4A8B-BFF8-E73E3E376302}.Debug|Any CPU.Build.0 = Debug|Any CPU
		{6C7C8D61-A87F-4A8B-BFF8-E73E3E376302}.Debug|ARM.ActiveCfg = Debug|Any CPU
		{6C7C8D61-A87F-4A8B-BFF8-E73E3E376302}.Debug|ARM.Build.0 = Debug|Any CPU
		{6C7C8D61-A87F-4A8B-BFF8-E73E3E376302}.Debug|ARM64.ActiveCfg = Debug|Any CPU
		{6C7C8D61-A87F-4A8B-BFF8-E73E3E376302}.Debug|ARM64.Build.0 = Debug|Any CPU
		{6C7C8D61-A87F-4A8B-BFF8-E73E3E376302}.Debug|x64.ActiveCfg = Debug|Any CPU
		{6C7C8D61-A87F-4A8B-BFF8-E73E3E376302}.Debug|x64.Build.0 = Debug|Any CPU
		{6C7C8D61-A87F-4A8B-BFF8-E73E3E376302}.Debug|x86.ActiveCfg = Debug|Any CPU
		{6C7C8D61-A87F-4A8B-BFF8-E73E3E376302}.Debug|x86.Build.0 = Debug|Any CPU
		{6C7C8D61-A87F-4A8B-BFF8-E73E3E376302}.Release|Any CPU.ActiveCfg = Release|Any CPU
		{6C7C8D61-A87F-4A8B-BFF8-E73E3E376302}.Release|Any CPU.Build.0 = Release|Any CPU
		{6C7C8D61-A87F-4A8B-BFF8-E73E3E376302}.Release|ARM.ActiveCfg = Release|Any CPU
		{6C7C8D61-A87F-4A8B-BFF8-E73E3E376302}.Release|ARM.Build.0 = Release|Any CPU
		{6C7C8D61-A87F-4A8B-BFF8-E73E3E376302}.Release|ARM64.ActiveCfg = Release|Any CPU
		{6C7C8D61-A87F-4A8B-BFF8-E73E3E376302}.Release|ARM64.Build.0 = Release|Any CPU
		{6C7C8D61-A87F-4A8B-BFF8-E73E3E376302}.Release|x64.ActiveCfg = Release|Any CPU
		{6C7C8D61-A87F-4A8B-BFF8-E73E3E376302}.Release|x64.Build.0 = Release|Any CPU
		{6C7C8D61-A87F-4A8B-BFF8-E73E3E376302}.Release|x86.ActiveCfg = Release|Any CPU
		{6C7C8D61-A87F-4A8B-BFF8-E73E3E376302}.Release|x86.Build.0 = Release|Any CPU
		{AC263E16-2ACF-4377-A6A6-9D34F6240FA3}.Debug|Any CPU.ActiveCfg = Debug|Any CPU
		{AC263E16-2ACF-4377-A6A6-9D34F6240FA3}.Debug|Any CPU.Build.0 = Debug|Any CPU
		{AC263E16-2ACF-4377-A6A6-9D34F6240FA3}.Debug|ARM.ActiveCfg = Debug|Any CPU
		{AC263E16-2ACF-4377-A6A6-9D34F6240FA3}.Debug|ARM.Build.0 = Debug|Any CPU
		{AC263E16-2ACF-4377-A6A6-9D34F6240FA3}.Debug|ARM64.ActiveCfg = Debug|Any CPU
		{AC263E16-2ACF-4377-A6A6-9D34F6240FA3}.Debug|ARM64.Build.0 = Debug|Any CPU
		{AC263E16-2ACF-4377-A6A6-9D34F6240FA3}.Debug|x64.ActiveCfg = Debug|Any CPU
		{AC263E16-2ACF-4377-A6A6-9D34F6240FA3}.Debug|x64.Build.0 = Debug|Any CPU
		{AC263E16-2ACF-4377-A6A6-9D34F6240FA3}.Debug|x86.ActiveCfg = Debug|Any CPU
		{AC263E16-2ACF-4377-A6A6-9D34F6240FA3}.Debug|x86.Build.0 = Debug|Any CPU
		{AC263E16-2ACF-4377-A6A6-9D34F6240FA3}.Release|Any CPU.ActiveCfg = Release|Any CPU
		{AC263E16-2ACF-4377-A6A6-9D34F6240FA3}.Release|Any CPU.Build.0 = Release|Any CPU
		{AC263E16-2ACF-4377-A6A6-9D34F6240FA3}.Release|ARM.ActiveCfg = Release|Any CPU
		{AC263E16-2ACF-4377-A6A6-9D34F6240FA3}.Release|ARM.Build.0 = Release|Any CPU
		{AC263E16-2ACF-4377-A6A6-9D34F6240FA3}.Release|ARM64.ActiveCfg = Release|Any CPU
		{AC263E16-2ACF-4377-A6A6-9D34F6240FA3}.Release|ARM64.Build.0 = Release|Any CPU
		{AC263E16-2ACF-4377-A6A6-9D34F6240FA3}.Release|x64.ActiveCfg = Release|Any CPU
		{AC263E16-2ACF-4377-A6A6-9D34F6240FA3}.Release|x64.Build.0 = Release|Any CPU
		{AC263E16-2ACF-4377-A6A6-9D34F6240FA3}.Release|x86.ActiveCfg = Release|Any CPU
		{AC263E16-2ACF-4377-A6A6-9D34F6240FA3}.Release|x86.Build.0 = Release|Any CPU
		{CF81B140-7925-432B-80F0-DA8C7EDD06A6}.Debug|Any CPU.ActiveCfg = Debug|Any CPU
		{CF81B140-7925-432B-80F0-DA8C7EDD06A6}.Debug|Any CPU.Build.0 = Debug|Any CPU
		{CF81B140-7925-432B-80F0-DA8C7EDD06A6}.Debug|ARM.ActiveCfg = Debug|Any CPU
		{CF81B140-7925-432B-80F0-DA8C7EDD06A6}.Debug|ARM.Build.0 = Debug|Any CPU
		{CF81B140-7925-432B-80F0-DA8C7EDD06A6}.Debug|ARM64.ActiveCfg = Debug|Any CPU
		{CF81B140-7925-432B-80F0-DA8C7EDD06A6}.Debug|ARM64.Build.0 = Debug|Any CPU
		{CF81B140-7925-432B-80F0-DA8C7EDD06A6}.Debug|x64.ActiveCfg = Debug|Any CPU
		{CF81B140-7925-432B-80F0-DA8C7EDD06A6}.Debug|x64.Build.0 = Debug|Any CPU
		{CF81B140-7925-432B-80F0-DA8C7EDD06A6}.Debug|x86.ActiveCfg = Debug|Any CPU
		{CF81B140-7925-432B-80F0-DA8C7EDD06A6}.Debug|x86.Build.0 = Debug|Any CPU
		{CF81B140-7925-432B-80F0-DA8C7EDD06A6}.Release|Any CPU.ActiveCfg = Release|Any CPU
		{CF81B140-7925-432B-80F0-DA8C7EDD06A6}.Release|Any CPU.Build.0 = Release|Any CPU
		{CF81B140-7925-432B-80F0-DA8C7EDD06A6}.Release|ARM.ActiveCfg = Release|Any CPU
		{CF81B140-7925-432B-80F0-DA8C7EDD06A6}.Release|ARM.Build.0 = Release|Any CPU
		{CF81B140-7925-432B-80F0-DA8C7EDD06A6}.Release|ARM64.ActiveCfg = Release|Any CPU
		{CF81B140-7925-432B-80F0-DA8C7EDD06A6}.Release|ARM64.Build.0 = Release|Any CPU
		{CF81B140-7925-432B-80F0-DA8C7EDD06A6}.Release|x64.ActiveCfg = Release|Any CPU
		{CF81B140-7925-432B-80F0-DA8C7EDD06A6}.Release|x64.Build.0 = Release|Any CPU
		{CF81B140-7925-432B-80F0-DA8C7EDD06A6}.Release|x86.ActiveCfg = Release|Any CPU
		{CF81B140-7925-432B-80F0-DA8C7EDD06A6}.Release|x86.Build.0 = Release|Any CPU
		{9CA84A58-FD3C-4ED5-8438-3F41F9AE3214}.Debug|Any CPU.ActiveCfg = Debug|Any CPU
		{9CA84A58-FD3C-4ED5-8438-3F41F9AE3214}.Debug|Any CPU.Build.0 = Debug|Any CPU
		{9CA84A58-FD3C-4ED5-8438-3F41F9AE3214}.Debug|ARM.ActiveCfg = Debug|Any CPU
		{9CA84A58-FD3C-4ED5-8438-3F41F9AE3214}.Debug|ARM.Build.0 = Debug|Any CPU
		{9CA84A58-FD3C-4ED5-8438-3F41F9AE3214}.Debug|ARM64.ActiveCfg = Debug|Any CPU
		{9CA84A58-FD3C-4ED5-8438-3F41F9AE3214}.Debug|ARM64.Build.0 = Debug|Any CPU
		{9CA84A58-FD3C-4ED5-8438-3F41F9AE3214}.Debug|x64.ActiveCfg = Debug|Any CPU
		{9CA84A58-FD3C-4ED5-8438-3F41F9AE3214}.Debug|x64.Build.0 = Debug|Any CPU
		{9CA84A58-FD3C-4ED5-8438-3F41F9AE3214}.Debug|x86.ActiveCfg = Debug|Any CPU
		{9CA84A58-FD3C-4ED5-8438-3F41F9AE3214}.Debug|x86.Build.0 = Debug|Any CPU
		{9CA84A58-FD3C-4ED5-8438-3F41F9AE3214}.Release|Any CPU.ActiveCfg = Release|Any CPU
		{9CA84A58-FD3C-4ED5-8438-3F41F9AE3214}.Release|Any CPU.Build.0 = Release|Any CPU
		{9CA84A58-FD3C-4ED5-8438-3F41F9AE3214}.Release|ARM.ActiveCfg = Release|Any CPU
		{9CA84A58-FD3C-4ED5-8438-3F41F9AE3214}.Release|ARM.Build.0 = Release|Any CPU
		{9CA84A58-FD3C-4ED5-8438-3F41F9AE3214}.Release|ARM64.ActiveCfg = Release|Any CPU
		{9CA84A58-FD3C-4ED5-8438-3F41F9AE3214}.Release|ARM64.Build.0 = Release|Any CPU
		{9CA84A58-FD3C-4ED5-8438-3F41F9AE3214}.Release|x64.ActiveCfg = Release|Any CPU
		{9CA84A58-FD3C-4ED5-8438-3F41F9AE3214}.Release|x64.Build.0 = Release|Any CPU
		{9CA84A58-FD3C-4ED5-8438-3F41F9AE3214}.Release|x86.ActiveCfg = Release|Any CPU
		{9CA84A58-FD3C-4ED5-8438-3F41F9AE3214}.Release|x86.Build.0 = Release|Any CPU
		{A59FBC62-5D85-4143-A223-423BFB117507}.Debug|Any CPU.ActiveCfg = Debug|Any CPU
		{A59FBC62-5D85-4143-A223-423BFB117507}.Debug|Any CPU.Build.0 = Debug|Any CPU
		{A59FBC62-5D85-4143-A223-423BFB117507}.Debug|ARM.ActiveCfg = Debug|Any CPU
		{A59FBC62-5D85-4143-A223-423BFB117507}.Debug|ARM.Build.0 = Debug|Any CPU
		{A59FBC62-5D85-4143-A223-423BFB117507}.Debug|ARM64.ActiveCfg = Debug|Any CPU
		{A59FBC62-5D85-4143-A223-423BFB117507}.Debug|ARM64.Build.0 = Debug|Any CPU
		{A59FBC62-5D85-4143-A223-423BFB117507}.Debug|x64.ActiveCfg = Debug|Any CPU
		{A59FBC62-5D85-4143-A223-423BFB117507}.Debug|x64.Build.0 = Debug|Any CPU
		{A59FBC62-5D85-4143-A223-423BFB117507}.Debug|x86.ActiveCfg = Debug|Any CPU
		{A59FBC62-5D85-4143-A223-423BFB117507}.Debug|x86.Build.0 = Debug|Any CPU
		{A59FBC62-5D85-4143-A223-423BFB117507}.Release|Any CPU.ActiveCfg = Release|Any CPU
		{A59FBC62-5D85-4143-A223-423BFB117507}.Release|Any CPU.Build.0 = Release|Any CPU
		{A59FBC62-5D85-4143-A223-423BFB117507}.Release|ARM.ActiveCfg = Release|Any CPU
		{A59FBC62-5D85-4143-A223-423BFB117507}.Release|ARM.Build.0 = Release|Any CPU
		{A59FBC62-5D85-4143-A223-423BFB117507}.Release|ARM64.ActiveCfg = Release|Any CPU
		{A59FBC62-5D85-4143-A223-423BFB117507}.Release|ARM64.Build.0 = Release|Any CPU
		{A59FBC62-5D85-4143-A223-423BFB117507}.Release|x64.ActiveCfg = Release|Any CPU
		{A59FBC62-5D85-4143-A223-423BFB117507}.Release|x64.Build.0 = Release|Any CPU
		{A59FBC62-5D85-4143-A223-423BFB117507}.Release|x86.ActiveCfg = Release|Any CPU
		{A59FBC62-5D85-4143-A223-423BFB117507}.Release|x86.Build.0 = Release|Any CPU
		{7671CE48-1C0F-4E9E-A32D-77CD8F7DE849}.Debug|Any CPU.ActiveCfg = Debug|Any CPU
		{7671CE48-1C0F-4E9E-A32D-77CD8F7DE849}.Debug|Any CPU.Build.0 = Debug|Any CPU
		{7671CE48-1C0F-4E9E-A32D-77CD8F7DE849}.Debug|ARM.ActiveCfg = Debug|Any CPU
		{7671CE48-1C0F-4E9E-A32D-77CD8F7DE849}.Debug|ARM.Build.0 = Debug|Any CPU
		{7671CE48-1C0F-4E9E-A32D-77CD8F7DE849}.Debug|ARM64.ActiveCfg = Debug|Any CPU
		{7671CE48-1C0F-4E9E-A32D-77CD8F7DE849}.Debug|ARM64.Build.0 = Debug|Any CPU
		{7671CE48-1C0F-4E9E-A32D-77CD8F7DE849}.Debug|x64.ActiveCfg = Debug|Any CPU
		{7671CE48-1C0F-4E9E-A32D-77CD8F7DE849}.Debug|x64.Build.0 = Debug|Any CPU
		{7671CE48-1C0F-4E9E-A32D-77CD8F7DE849}.Debug|x86.ActiveCfg = Debug|Any CPU
		{7671CE48-1C0F-4E9E-A32D-77CD8F7DE849}.Debug|x86.Build.0 = Debug|Any CPU
		{7671CE48-1C0F-4E9E-A32D-77CD8F7DE849}.Release|Any CPU.ActiveCfg = Release|Any CPU
		{7671CE48-1C0F-4E9E-A32D-77CD8F7DE849}.Release|Any CPU.Build.0 = Release|Any CPU
		{7671CE48-1C0F-4E9E-A32D-77CD8F7DE849}.Release|ARM.ActiveCfg = Release|Any CPU
		{7671CE48-1C0F-4E9E-A32D-77CD8F7DE849}.Release|ARM.Build.0 = Release|Any CPU
		{7671CE48-1C0F-4E9E-A32D-77CD8F7DE849}.Release|ARM64.ActiveCfg = Release|Any CPU
		{7671CE48-1C0F-4E9E-A32D-77CD8F7DE849}.Release|ARM64.Build.0 = Release|Any CPU
		{7671CE48-1C0F-4E9E-A32D-77CD8F7DE849}.Release|x64.ActiveCfg = Release|Any CPU
		{7671CE48-1C0F-4E9E-A32D-77CD8F7DE849}.Release|x64.Build.0 = Release|Any CPU
		{7671CE48-1C0F-4E9E-A32D-77CD8F7DE849}.Release|x86.ActiveCfg = Release|Any CPU
		{7671CE48-1C0F-4E9E-A32D-77CD8F7DE849}.Release|x86.Build.0 = Release|Any CPU
		{0BFDC4F5-7A51-4F45-8C4E-08971863F6C9}.Debug|Any CPU.ActiveCfg = Debug|Any CPU
		{0BFDC4F5-7A51-4F45-8C4E-08971863F6C9}.Debug|Any CPU.Build.0 = Debug|Any CPU
		{0BFDC4F5-7A51-4F45-8C4E-08971863F6C9}.Debug|ARM.ActiveCfg = Debug|Any CPU
		{0BFDC4F5-7A51-4F45-8C4E-08971863F6C9}.Debug|ARM.Build.0 = Debug|Any CPU
		{0BFDC4F5-7A51-4F45-8C4E-08971863F6C9}.Debug|ARM64.ActiveCfg = Debug|Any CPU
		{0BFDC4F5-7A51-4F45-8C4E-08971863F6C9}.Debug|ARM64.Build.0 = Debug|Any CPU
		{0BFDC4F5-7A51-4F45-8C4E-08971863F6C9}.Debug|x64.ActiveCfg = Debug|Any CPU
		{0BFDC4F5-7A51-4F45-8C4E-08971863F6C9}.Debug|x64.Build.0 = Debug|Any CPU
		{0BFDC4F5-7A51-4F45-8C4E-08971863F6C9}.Debug|x86.ActiveCfg = Debug|Any CPU
		{0BFDC4F5-7A51-4F45-8C4E-08971863F6C9}.Debug|x86.Build.0 = Debug|Any CPU
		{0BFDC4F5-7A51-4F45-8C4E-08971863F6C9}.Release|Any CPU.ActiveCfg = Release|Any CPU
		{0BFDC4F5-7A51-4F45-8C4E-08971863F6C9}.Release|Any CPU.Build.0 = Release|Any CPU
		{0BFDC4F5-7A51-4F45-8C4E-08971863F6C9}.Release|ARM.ActiveCfg = Release|Any CPU
		{0BFDC4F5-7A51-4F45-8C4E-08971863F6C9}.Release|ARM.Build.0 = Release|Any CPU
		{0BFDC4F5-7A51-4F45-8C4E-08971863F6C9}.Release|ARM64.ActiveCfg = Release|Any CPU
		{0BFDC4F5-7A51-4F45-8C4E-08971863F6C9}.Release|ARM64.Build.0 = Release|Any CPU
		{0BFDC4F5-7A51-4F45-8C4E-08971863F6C9}.Release|x64.ActiveCfg = Release|Any CPU
		{0BFDC4F5-7A51-4F45-8C4E-08971863F6C9}.Release|x64.Build.0 = Release|Any CPU
		{0BFDC4F5-7A51-4F45-8C4E-08971863F6C9}.Release|x86.ActiveCfg = Release|Any CPU
		{0BFDC4F5-7A51-4F45-8C4E-08971863F6C9}.Release|x86.Build.0 = Release|Any CPU
	EndGlobalSection
	GlobalSection(SolutionProperties) = preSolution
		HideSolutionNode = FALSE
	EndGlobalSection
	GlobalSection(NestedProjects) = preSolution
		{CCA4681D-E5EB-488C-AD38-CC7CE437D471} = {5DF4C2E7-56BB-4EFD-BBA1-2E4FB7284A63}
		{CAF58F84-2057-44BB-AAA0-D1919125A96C} = {5DF4C2E7-56BB-4EFD-BBA1-2E4FB7284A63}
		{B32D1952-CDE0-4974-A35D-BB61C45F26A9} = {CAF58F84-2057-44BB-AAA0-D1919125A96C}
		{F8551756-E757-457D-BA11-9D09082430DA} = {CCA4681D-E5EB-488C-AD38-CC7CE437D471}
		{C40EE4DE-8994-43EC-9C38-EA86579552D1} = {5DF4C2E7-56BB-4EFD-BBA1-2E4FB7284A63}
		{FCC27DEF-03EF-4A95-92E3-AF0830AF994F} = {CCA4681D-E5EB-488C-AD38-CC7CE437D471}
		{6C7C8D61-A87F-4A8B-BFF8-E73E3E376302} = {CCA4681D-E5EB-488C-AD38-CC7CE437D471}
		{AC263E16-2ACF-4377-A6A6-9D34F6240FA3} = {CCA4681D-E5EB-488C-AD38-CC7CE437D471}
		{CF81B140-7925-432B-80F0-DA8C7EDD06A6} = {CCA4681D-E5EB-488C-AD38-CC7CE437D471}
		{9CA84A58-FD3C-4ED5-8438-3F41F9AE3214} = {CCA4681D-E5EB-488C-AD38-CC7CE437D471}
		{A59FBC62-5D85-4143-A223-423BFB117507} = {CCA4681D-E5EB-488C-AD38-CC7CE437D471}
		{7671CE48-1C0F-4E9E-A32D-77CD8F7DE849} = {CCA4681D-E5EB-488C-AD38-CC7CE437D471}
		{0BFDC4F5-7A51-4F45-8C4E-08971863F6C9} = {5DF4C2E7-56BB-4EFD-BBA1-2E4FB7284A63}
	EndGlobalSection
	GlobalSection(ExtensibilityGlobals) = postSolution
		SolutionGuid = {9B875394-7186-4C6A-8A48-144CEA8EA867}
	EndGlobalSection
EndGlobal
