
Microsoft Visual Studio Solution File, Format Version 12.00
# Visual Studio Version 16
VisualStudioVersion = 16.0.30011.22
MinimumVisualStudioVersion = 10.0.40219.1
Project("{2150E333-8FDC-42A3-9474-1A3956D46DE8}") = "src", "src", "{5DF4C2E7-56BB-4EFD-BBA1-2E4FB7284A63}"
EndProject
Project("{2150E333-8FDC-42A3-9474-1A3956D46DE8}") = "Data", "Data", "{CCA4681D-E5EB-488C-AD38-CC7CE437D471}"
EndProject
Project("{9A19103F-16F7-4668-BE54-9A1E7A4F7556}") = "Data.IntegrationTests", "src\data\Data.Tests\Data.IntegrationTests.csproj", "{E615DD7F-E2A9-4966-9521-6D67E072E7E7}"
EndProject
Project("{2150E333-8FDC-42A3-9474-1A3956D46DE8}") = "Solution Items", "Solution Items", "{C4979A62-554D-4CE4-99BE-DC525134754B}"
	ProjectSection(SolutionItems) = preProject
		.editorconfig = .editorconfig
		.gitattributes = .gitattributes
		.gitignore = .gitignore
		CodeMaid.config = CodeMaid.config
		Directory.Build.props = Directory.Build.props
	EndProjectSection
EndProject
Project("{2150E333-8FDC-42A3-9474-1A3956D46DE8}") = "pipelines", "pipelines", "{E502F3BA-2F12-4DD6-B48C-0840C3DD4829}"
	ProjectSection(SolutionItems) = preProject
		pipelines\azure-pipelines.yml = pipelines\azure-pipelines.yml
		pipelines\azuredeploy.json = pipelines\azuredeploy.json
		pipelines\azuredeploy.parameters.json = pipelines\azuredeploy.parameters.json
		pipelines\Deploy-AzureResourceGroup.ps1 = pipelines\Deploy-AzureResourceGroup.ps1
	EndProjectSection
EndProject
Project("{2150E333-8FDC-42A3-9474-1A3956D46DE8}") = "Apps", "Apps", "{CAF58F84-2057-44BB-AAA0-D1919125A96C}"
EndProject
Project("{FAE04EC0-301F-11D3-BF4B-00C04F79EFBC}") = "WindowsApp", "src\apps\WindowsApp\WindowsApp.csproj", "{B32D1952-CDE0-4974-A35D-BB61C45F26A9}"
EndProject
Project("{9A19103F-16F7-4668-BE54-9A1E7A4F7556}") = "Data.LocalDb", "src\data\Data.LocalDb\Data.LocalDb.csproj", "{F8551756-E757-457D-BA11-9D09082430DA}"
EndProject
Project("{9A19103F-16F7-4668-BE54-9A1E7A4F7556}") = "Data", "src\data\Data\Data.csproj", "{B56F10A8-5184-4B88-AB65-F9CC9B1D67F0}"
EndProject
Project("{9A19103F-16F7-4668-BE54-9A1E7A4F7556}") = "Data.Unittests", "src\data\Data.Unittests\Data.Unittests.csproj", "{5A3CDEB4-6EDD-4F62-B8E1-6B94A9BAF4BD}"
EndProject
Project("{2150E333-8FDC-42A3-9474-1A3956D46DE8}") = "Web", "Web", "{C40EE4DE-8994-43EC-9C38-EA86579552D1}"
EndProject
Project("{9A19103F-16F7-4668-BE54-9A1E7A4F7556}") = "Data.StaticApiGenerator", "src\data\Data.StaticApiGenerator\Data.StaticApiGenerator.csproj", "{FCC27DEF-03EF-4A95-92E3-AF0830AF994F}"
EndProject
Project("{9A19103F-16F7-4668-BE54-9A1E7A4F7556}") = "Data.StaticApiGenerator.Unittests", "src\data\Data.StaticApiGenerator.Unittests\Data.StaticApiGenerator.Unittests.csproj", "{6C7C8D61-A87F-4A8B-BFF8-E73E3E376302}"
EndProject
Global
	GlobalSection(SolutionConfigurationPlatforms) = preSolution
		Debug|Any CPU = Debug|Any CPU
		Debug|ARM = Debug|ARM
		Debug|ARM64 = Debug|ARM64
		Debug|x64 = Debug|x64
		Debug|x86 = Debug|x86
		Release|Any CPU = Release|Any CPU
		Release|ARM = Release|ARM
		Release|ARM64 = Release|ARM64
		Release|x64 = Release|x64
		Release|x86 = Release|x86
	EndGlobalSection
	GlobalSection(ProjectConfigurationPlatforms) = postSolution
		{E615DD7F-E2A9-4966-9521-6D67E072E7E7}.Debug|Any CPU.ActiveCfg = Debug|Any CPU
		{E615DD7F-E2A9-4966-9521-6D67E072E7E7}.Debug|Any CPU.Build.0 = Debug|Any CPU
		{E615DD7F-E2A9-4966-9521-6D67E072E7E7}.Debug|ARM.ActiveCfg = Debug|Any CPU
		{E615DD7F-E2A9-4966-9521-6D67E072E7E7}.Debug|ARM.Build.0 = Debug|Any CPU
		{E615DD7F-E2A9-4966-9521-6D67E072E7E7}.Debug|ARM64.ActiveCfg = Debug|Any CPU
		{E615DD7F-E2A9-4966-9521-6D67E072E7E7}.Debug|ARM64.Build.0 = Debug|Any CPU
		{E615DD7F-E2A9-4966-9521-6D67E072E7E7}.Debug|x64.ActiveCfg = Debug|Any CPU
		{E615DD7F-E2A9-4966-9521-6D67E072E7E7}.Debug|x64.Build.0 = Debug|Any CPU
		{E615DD7F-E2A9-4966-9521-6D67E072E7E7}.Debug|x86.ActiveCfg = Debug|Any CPU
		{E615DD7F-E2A9-4966-9521-6D67E072E7E7}.Debug|x86.Build.0 = Debug|Any CPU
		{E615DD7F-E2A9-4966-9521-6D67E072E7E7}.Release|Any CPU.ActiveCfg = Release|Any CPU
		{E615DD7F-E2A9-4966-9521-6D67E072E7E7}.Release|Any CPU.Build.0 = Release|Any CPU
		{E615DD7F-E2A9-4966-9521-6D67E072E7E7}.Release|ARM.ActiveCfg = Release|Any CPU
		{E615DD7F-E2A9-4966-9521-6D67E072E7E7}.Release|ARM.Build.0 = Release|Any CPU
		{E615DD7F-E2A9-4966-9521-6D67E072E7E7}.Release|ARM64.ActiveCfg = Release|Any CPU
		{E615DD7F-E2A9-4966-9521-6D67E072E7E7}.Release|ARM64.Build.0 = Release|Any CPU
		{E615DD7F-E2A9-4966-9521-6D67E072E7E7}.Release|x64.ActiveCfg = Release|Any CPU
		{E615DD7F-E2A9-4966-9521-6D67E072E7E7}.Release|x64.Build.0 = Release|Any CPU
		{E615DD7F-E2A9-4966-9521-6D67E072E7E7}.Release|x86.ActiveCfg = Release|Any CPU
		{E615DD7F-E2A9-4966-9521-6D67E072E7E7}.Release|x86.Build.0 = Release|Any CPU
		{B32D1952-CDE0-4974-A35D-BB61C45F26A9}.Debug|Any CPU.ActiveCfg = Debug|x86
		{B32D1952-CDE0-4974-A35D-BB61C45F26A9}.Debug|Any CPU.Build.0 = Debug|x86
		{B32D1952-CDE0-4974-A35D-BB61C45F26A9}.Debug|Any CPU.Deploy.0 = Debug|x86
		{B32D1952-CDE0-4974-A35D-BB61C45F26A9}.Debug|ARM.ActiveCfg = Debug|ARM
		{B32D1952-CDE0-4974-A35D-BB61C45F26A9}.Debug|ARM.Build.0 = Debug|ARM
		{B32D1952-CDE0-4974-A35D-BB61C45F26A9}.Debug|ARM.Deploy.0 = Debug|ARM
		{B32D1952-CDE0-4974-A35D-BB61C45F26A9}.Debug|ARM64.ActiveCfg = Debug|ARM64
		{B32D1952-CDE0-4974-A35D-BB61C45F26A9}.Debug|ARM64.Build.0 = Debug|ARM64
		{B32D1952-CDE0-4974-A35D-BB61C45F26A9}.Debug|ARM64.Deploy.0 = Debug|ARM64
		{B32D1952-CDE0-4974-A35D-BB61C45F26A9}.Debug|x64.ActiveCfg = Debug|x64
		{B32D1952-CDE0-4974-A35D-BB61C45F26A9}.Debug|x64.Build.0 = Debug|x64
		{B32D1952-CDE0-4974-A35D-BB61C45F26A9}.Debug|x64.Deploy.0 = Debug|x64
		{B32D1952-CDE0-4974-A35D-BB61C45F26A9}.Debug|x86.ActiveCfg = Debug|x86
		{B32D1952-CDE0-4974-A35D-BB61C45F26A9}.Debug|x86.Build.0 = Debug|x86
		{B32D1952-CDE0-4974-A35D-BB61C45F26A9}.Debug|x86.Deploy.0 = Debug|x86
		{B32D1952-CDE0-4974-A35D-BB61C45F26A9}.Release|Any CPU.ActiveCfg = Release|x86
		{B32D1952-CDE0-4974-A35D-BB61C45F26A9}.Release|ARM.ActiveCfg = Release|ARM
		{B32D1952-CDE0-4974-A35D-BB61C45F26A9}.Release|ARM.Build.0 = Release|ARM
		{B32D1952-CDE0-4974-A35D-BB61C45F26A9}.Release|ARM.Deploy.0 = Release|ARM
		{B32D1952-CDE0-4974-A35D-BB61C45F26A9}.Release|ARM64.ActiveCfg = Release|ARM64
		{B32D1952-CDE0-4974-A35D-BB61C45F26A9}.Release|ARM64.Build.0 = Release|ARM64
		{B32D1952-CDE0-4974-A35D-BB61C45F26A9}.Release|ARM64.Deploy.0 = Release|ARM64
		{B32D1952-CDE0-4974-A35D-BB61C45F26A9}.Release|x64.ActiveCfg = Release|x64
		{B32D1952-CDE0-4974-A35D-BB61C45F26A9}.Release|x64.Build.0 = Release|x64
		{B32D1952-CDE0-4974-A35D-BB61C45F26A9}.Release|x64.Deploy.0 = Release|x64
		{B32D1952-CDE0-4974-A35D-BB61C45F26A9}.Release|x86.ActiveCfg = Release|x86
		{B32D1952-CDE0-4974-A35D-BB61C45F26A9}.Release|x86.Build.0 = Release|x86
		{B32D1952-CDE0-4974-A35D-BB61C45F26A9}.Release|x86.Deploy.0 = Release|x86
		{F8551756-E757-457D-BA11-9D09082430DA}.Debug|Any CPU.ActiveCfg = Debug|Any CPU
		{F8551756-E757-457D-BA11-9D09082430DA}.Debug|Any CPU.Build.0 = Debug|Any CPU
		{F8551756-E757-457D-BA11-9D09082430DA}.Debug|ARM.ActiveCfg = Debug|Any CPU
		{F8551756-E757-457D-BA11-9D09082430DA}.Debug|ARM.Build.0 = Debug|Any CPU
		{F8551756-E757-457D-BA11-9D09082430DA}.Debug|ARM64.ActiveCfg = Debug|Any CPU
		{F8551756-E757-457D-BA11-9D09082430DA}.Debug|ARM64.Build.0 = Debug|Any CPU
		{F8551756-E757-457D-BA11-9D09082430DA}.Debug|x64.ActiveCfg = Debug|Any CPU
		{F8551756-E757-457D-BA11-9D09082430DA}.Debug|x64.Build.0 = Debug|Any CPU
		{F8551756-E757-457D-BA11-9D09082430DA}.Debug|x86.ActiveCfg = Debug|Any CPU
		{F8551756-E757-457D-BA11-9D09082430DA}.Debug|x86.Build.0 = Debug|Any CPU
		{F8551756-E757-457D-BA11-9D09082430DA}.Release|Any CPU.ActiveCfg = Release|Any CPU
		{F8551756-E757-457D-BA11-9D09082430DA}.Release|Any CPU.Build.0 = Release|Any CPU
		{F8551756-E757-457D-BA11-9D09082430DA}.Release|ARM.ActiveCfg = Release|Any CPU
		{F8551756-E757-457D-BA11-9D09082430DA}.Release|ARM.Build.0 = Release|Any CPU
		{F8551756-E757-457D-BA11-9D09082430DA}.Release|ARM64.ActiveCfg = Release|Any CPU
		{F8551756-E757-457D-BA11-9D09082430DA}.Release|ARM64.Build.0 = Release|Any CPU
		{F8551756-E757-457D-BA11-9D09082430DA}.Release|x64.ActiveCfg = Release|Any CPU
		{F8551756-E757-457D-BA11-9D09082430DA}.Release|x64.Build.0 = Release|Any CPU
		{F8551756-E757-457D-BA11-9D09082430DA}.Release|x86.ActiveCfg = Release|Any CPU
		{F8551756-E757-457D-BA11-9D09082430DA}.Release|x86.Build.0 = Release|Any CPU
		{B56F10A8-5184-4B88-AB65-F9CC9B1D67F0}.Debug|Any CPU.ActiveCfg = Debug|Any CPU
		{B56F10A8-5184-4B88-AB65-F9CC9B1D67F0}.Debug|Any CPU.Build.0 = Debug|Any CPU
		{B56F10A8-5184-4B88-AB65-F9CC9B1D67F0}.Debug|ARM.ActiveCfg = Debug|Any CPU
		{B56F10A8-5184-4B88-AB65-F9CC9B1D67F0}.Debug|ARM.Build.0 = Debug|Any CPU
		{B56F10A8-5184-4B88-AB65-F9CC9B1D67F0}.Debug|ARM64.ActiveCfg = Debug|Any CPU
		{B56F10A8-5184-4B88-AB65-F9CC9B1D67F0}.Debug|ARM64.Build.0 = Debug|Any CPU
		{B56F10A8-5184-4B88-AB65-F9CC9B1D67F0}.Debug|x64.ActiveCfg = Debug|Any CPU
		{B56F10A8-5184-4B88-AB65-F9CC9B1D67F0}.Debug|x64.Build.0 = Debug|Any CPU
		{B56F10A8-5184-4B88-AB65-F9CC9B1D67F0}.Debug|x86.ActiveCfg = Debug|Any CPU
		{B56F10A8-5184-4B88-AB65-F9CC9B1D67F0}.Debug|x86.Build.0 = Debug|Any CPU
		{B56F10A8-5184-4B88-AB65-F9CC9B1D67F0}.Release|Any CPU.ActiveCfg = Release|Any CPU
		{B56F10A8-5184-4B88-AB65-F9CC9B1D67F0}.Release|Any CPU.Build.0 = Release|Any CPU
		{B56F10A8-5184-4B88-AB65-F9CC9B1D67F0}.Release|ARM.ActiveCfg = Release|Any CPU
		{B56F10A8-5184-4B88-AB65-F9CC9B1D67F0}.Release|ARM.Build.0 = Release|Any CPU
		{B56F10A8-5184-4B88-AB65-F9CC9B1D67F0}.Release|ARM64.ActiveCfg = Release|Any CPU
		{B56F10A8-5184-4B88-AB65-F9CC9B1D67F0}.Release|ARM64.Build.0 = Release|Any CPU
		{B56F10A8-5184-4B88-AB65-F9CC9B1D67F0}.Release|x64.ActiveCfg = Release|Any CPU
		{B56F10A8-5184-4B88-AB65-F9CC9B1D67F0}.Release|x64.Build.0 = Release|Any CPU
		{B56F10A8-5184-4B88-AB65-F9CC9B1D67F0}.Release|x86.ActiveCfg = Release|Any CPU
		{B56F10A8-5184-4B88-AB65-F9CC9B1D67F0}.Release|x86.Build.0 = Release|Any CPU
		{5A3CDEB4-6EDD-4F62-B8E1-6B94A9BAF4BD}.Debug|Any CPU.ActiveCfg = Debug|Any CPU
		{5A3CDEB4-6EDD-4F62-B8E1-6B94A9BAF4BD}.Debug|Any CPU.Build.0 = Debug|Any CPU
		{5A3CDEB4-6EDD-4F62-B8E1-6B94A9BAF4BD}.Debug|ARM.ActiveCfg = Debug|Any CPU
		{5A3CDEB4-6EDD-4F62-B8E1-6B94A9BAF4BD}.Debug|ARM.Build.0 = Debug|Any CPU
		{5A3CDEB4-6EDD-4F62-B8E1-6B94A9BAF4BD}.Debug|ARM64.ActiveCfg = Debug|Any CPU
		{5A3CDEB4-6EDD-4F62-B8E1-6B94A9BAF4BD}.Debug|ARM64.Build.0 = Debug|Any CPU
		{5A3CDEB4-6EDD-4F62-B8E1-6B94A9BAF4BD}.Debug|x64.ActiveCfg = Debug|Any CPU
		{5A3CDEB4-6EDD-4F62-B8E1-6B94A9BAF4BD}.Debug|x64.Build.0 = Debug|Any CPU
		{5A3CDEB4-6EDD-4F62-B8E1-6B94A9BAF4BD}.Debug|x86.ActiveCfg = Debug|Any CPU
		{5A3CDEB4-6EDD-4F62-B8E1-6B94A9BAF4BD}.Debug|x86.Build.0 = Debug|Any CPU
		{5A3CDEB4-6EDD-4F62-B8E1-6B94A9BAF4BD}.Release|Any CPU.ActiveCfg = Release|Any CPU
		{5A3CDEB4-6EDD-4F62-B8E1-6B94A9BAF4BD}.Release|Any CPU.Build.0 = Release|Any CPU
		{5A3CDEB4-6EDD-4F62-B8E1-6B94A9BAF4BD}.Release|ARM.ActiveCfg = Release|Any CPU
		{5A3CDEB4-6EDD-4F62-B8E1-6B94A9BAF4BD}.Release|ARM.Build.0 = Release|Any CPU
		{5A3CDEB4-6EDD-4F62-B8E1-6B94A9BAF4BD}.Release|ARM64.ActiveCfg = Release|Any CPU
		{5A3CDEB4-6EDD-4F62-B8E1-6B94A9BAF4BD}.Release|ARM64.Build.0 = Release|Any CPU
		{5A3CDEB4-6EDD-4F62-B8E1-6B94A9BAF4BD}.Release|x64.ActiveCfg = Release|Any CPU
		{5A3CDEB4-6EDD-4F62-B8E1-6B94A9BAF4BD}.Release|x64.Build.0 = Release|Any CPU
		{5A3CDEB4-6EDD-4F62-B8E1-6B94A9BAF4BD}.Release|x86.ActiveCfg = Release|Any CPU
		{5A3CDEB4-6EDD-4F62-B8E1-6B94A9BAF4BD}.Release|x86.Build.0 = Release|Any CPU
		{FCC27DEF-03EF-4A95-92E3-AF0830AF994F}.Debug|Any CPU.ActiveCfg = Debug|Any CPU
		{FCC27DEF-03EF-4A95-92E3-AF0830AF994F}.Debug|Any CPU.Build.0 = Debug|Any CPU
		{FCC27DEF-03EF-4A95-92E3-AF0830AF994F}.Debug|ARM.ActiveCfg = Debug|Any CPU
		{FCC27DEF-03EF-4A95-92E3-AF0830AF994F}.Debug|ARM.Build.0 = Debug|Any CPU
		{FCC27DEF-03EF-4A95-92E3-AF0830AF994F}.Debug|ARM64.ActiveCfg = Debug|Any CPU
		{FCC27DEF-03EF-4A95-92E3-AF0830AF994F}.Debug|ARM64.Build.0 = Debug|Any CPU
		{FCC27DEF-03EF-4A95-92E3-AF0830AF994F}.Debug|x64.ActiveCfg = Debug|Any CPU
		{FCC27DEF-03EF-4A95-92E3-AF0830AF994F}.Debug|x64.Build.0 = Debug|Any CPU
		{FCC27DEF-03EF-4A95-92E3-AF0830AF994F}.Debug|x86.ActiveCfg = Debug|Any CPU
		{FCC27DEF-03EF-4A95-92E3-AF0830AF994F}.Debug|x86.Build.0 = Debug|Any CPU
		{FCC27DEF-03EF-4A95-92E3-AF0830AF994F}.Release|Any CPU.ActiveCfg = Release|Any CPU
		{FCC27DEF-03EF-4A95-92E3-AF0830AF994F}.Release|Any CPU.Build.0 = Release|Any CPU
		{FCC27DEF-03EF-4A95-92E3-AF0830AF994F}.Release|ARM.ActiveCfg = Release|Any CPU
		{FCC27DEF-03EF-4A95-92E3-AF0830AF994F}.Release|ARM.Build.0 = Release|Any CPU
		{FCC27DEF-03EF-4A95-92E3-AF0830AF994F}.Release|ARM64.ActiveCfg = Release|Any CPU
		{FCC27DEF-03EF-4A95-92E3-AF0830AF994F}.Release|ARM64.Build.0 = Release|Any CPU
		{FCC27DEF-03EF-4A95-92E3-AF0830AF994F}.Release|x64.ActiveCfg = Release|Any CPU
		{FCC27DEF-03EF-4A95-92E3-AF0830AF994F}.Release|x64.Build.0 = Release|Any CPU
		{FCC27DEF-03EF-4A95-92E3-AF0830AF994F}.Release|x86.ActiveCfg = Release|Any CPU
		{FCC27DEF-03EF-4A95-92E3-AF0830AF994F}.Release|x86.Build.0 = Release|Any CPU
		{6C7C8D61-A87F-4A8B-BFF8-E73E3E376302}.Debug|Any CPU.ActiveCfg = Debug|Any CPU
		{6C7C8D61-A87F-4A8B-BFF8-E73E3E376302}.Debug|Any CPU.Build.0 = Debug|Any CPU
		{6C7C8D61-A87F-4A8B-BFF8-E73E3E376302}.Debug|ARM.ActiveCfg = Debug|Any CPU
		{6C7C8D61-A87F-4A8B-BFF8-E73E3E376302}.Debug|ARM.Build.0 = Debug|Any CPU
		{6C7C8D61-A87F-4A8B-BFF8-E73E3E376302}.Debug|ARM64.ActiveCfg = Debug|Any CPU
		{6C7C8D61-A87F-4A8B-BFF8-E73E3E376302}.Debug|ARM64.Build.0 = Debug|Any CPU
		{6C7C8D61-A87F-4A8B-BFF8-E73E3E376302}.Debug|x64.ActiveCfg = Debug|Any CPU
		{6C7C8D61-A87F-4A8B-BFF8-E73E3E376302}.Debug|x64.Build.0 = Debug|Any CPU
		{6C7C8D61-A87F-4A8B-BFF8-E73E3E376302}.Debug|x86.ActiveCfg = Debug|Any CPU
		{6C7C8D61-A87F-4A8B-BFF8-E73E3E376302}.Debug|x86.Build.0 = Debug|Any CPU
		{6C7C8D61-A87F-4A8B-BFF8-E73E3E376302}.Release|Any CPU.ActiveCfg = Release|Any CPU
		{6C7C8D61-A87F-4A8B-BFF8-E73E3E376302}.Release|Any CPU.Build.0 = Release|Any CPU
		{6C7C8D61-A87F-4A8B-BFF8-E73E3E376302}.Release|ARM.ActiveCfg = Release|Any CPU
		{6C7C8D61-A87F-4A8B-BFF8-E73E3E376302}.Release|ARM.Build.0 = Release|Any CPU
		{6C7C8D61-A87F-4A8B-BFF8-E73E3E376302}.Release|ARM64.ActiveCfg = Release|Any CPU
		{6C7C8D61-A87F-4A8B-BFF8-E73E3E376302}.Release|ARM64.Build.0 = Release|Any CPU
		{6C7C8D61-A87F-4A8B-BFF8-E73E3E376302}.Release|x64.ActiveCfg = Release|Any CPU
		{6C7C8D61-A87F-4A8B-BFF8-E73E3E376302}.Release|x64.Build.0 = Release|Any CPU
		{6C7C8D61-A87F-4A8B-BFF8-E73E3E376302}.Release|x86.ActiveCfg = Release|Any CPU
		{6C7C8D61-A87F-4A8B-BFF8-E73E3E376302}.Release|x86.Build.0 = Release|Any CPU
	EndGlobalSection
	GlobalSection(SolutionProperties) = preSolution
		HideSolutionNode = FALSE
	EndGlobalSection
	GlobalSection(NestedProjects) = preSolution
		{CCA4681D-E5EB-488C-AD38-CC7CE437D471} = {5DF4C2E7-56BB-4EFD-BBA1-2E4FB7284A63}
		{E615DD7F-E2A9-4966-9521-6D67E072E7E7} = {CCA4681D-E5EB-488C-AD38-CC7CE437D471}
		{CAF58F84-2057-44BB-AAA0-D1919125A96C} = {5DF4C2E7-56BB-4EFD-BBA1-2E4FB7284A63}
		{B32D1952-CDE0-4974-A35D-BB61C45F26A9} = {CAF58F84-2057-44BB-AAA0-D1919125A96C}
		{F8551756-E757-457D-BA11-9D09082430DA} = {CCA4681D-E5EB-488C-AD38-CC7CE437D471}
		{B56F10A8-5184-4B88-AB65-F9CC9B1D67F0} = {CCA4681D-E5EB-488C-AD38-CC7CE437D471}
		{5A3CDEB4-6EDD-4F62-B8E1-6B94A9BAF4BD} = {CCA4681D-E5EB-488C-AD38-CC7CE437D471}
		{C40EE4DE-8994-43EC-9C38-EA86579552D1} = {5DF4C2E7-56BB-4EFD-BBA1-2E4FB7284A63}
		{FCC27DEF-03EF-4A95-92E3-AF0830AF994F} = {CCA4681D-E5EB-488C-AD38-CC7CE437D471}
		{6C7C8D61-A87F-4A8B-BFF8-E73E3E376302} = {CCA4681D-E5EB-488C-AD38-CC7CE437D471}
	EndGlobalSection
	GlobalSection(ExtensibilityGlobals) = postSolution
		SolutionGuid = {9B875394-7186-4C6A-8A48-144CEA8EA867}
	EndGlobalSection
EndGlobal
